
Microsoft Visual Studio Solution File, Format Version 12.00
# Visual Studio Version 17
VisualStudioVersion = 17.0.31903.59
MinimumVisualStudioVersion = 10.0.40219.1
Project("{FAE04EC0-301F-11D3-BF4B-00C04F79EFBC}") = "College-sql", "College-sql.csproj", "{8CB5EED1-07D5-4AA3-8262-C7FAA594BDB3}"
EndProject
Global
	GlobalSection(SolutionConfigurationPlatforms) = preSolution
		Debug|Any CPU = Debug|Any CPU
		Release|Any CPU = Release|Any CPU
	EndGlobalSection
	GlobalSection(ProjectConfigurationPlatforms) = postSolution
		{8CB5EED1-07D5-4AA3-8262-C7FAA594BDB3}.Debug|Any CPU.ActiveCfg = Debug|Any CPU
		{8CB5EED1-07D5-4AA3-8262-C7FAA594BDB3}.Debug|Any CPU.Build.0 = Debug|Any CPU
		{8CB5EED1-07D5-4AA3-8262-C7FAA594BDB3}.Release|Any CPU.ActiveCfg = Release|Any CPU
		{8CB5EED1-07D5-4AA3-8262-C7FAA594BDB3}.Release|Any CPU.Build.0 = Release|Any CPU
	EndGlobalSection
	GlobalSection(SolutionProperties) = preSolution
		HideSolutionNode = FALSE
	EndGlobalSection
	GlobalSection(ExtensibilityGlobals) = postSolution
		SolutionGuid = {E66F0D44-F09A-41A8-9081-A6E7EE7BE4EC}
	EndGlobalSection
EndGlobal
